
Microsoft Visual Studio Solution File, Format Version 12.00
# Visual Studio Version 17
VisualStudioVersion = 17.6.33723.286
MinimumVisualStudioVersion = 10.0.40219.1
Project("{FAE04EC0-301F-11D3-BF4B-00C04F79EFBC}") = "Exercise #4 Desing Pattern", "Exercise #4 Desing Pattern\Exercise #4 Desing Pattern.csproj", "{AB5275C4-AAAB-424F-840F-8C2AF508935A}"
EndProject
Global
	GlobalSection(SolutionConfigurationPlatforms) = preSolution
		Debug|Any CPU = Debug|Any CPU
		Release|Any CPU = Release|Any CPU
	EndGlobalSection
	GlobalSection(ProjectConfigurationPlatforms) = postSolution
		{AB5275C4-AAAB-424F-840F-8C2AF508935A}.Debug|Any CPU.ActiveCfg = Debug|Any CPU
		{AB5275C4-AAAB-424F-840F-8C2AF508935A}.Debug|Any CPU.Build.0 = Debug|Any CPU
		{AB5275C4-AAAB-424F-840F-8C2AF508935A}.Release|Any CPU.ActiveCfg = Release|Any CPU
		{AB5275C4-AAAB-424F-840F-8C2AF508935A}.Release|Any CPU.Build.0 = Release|Any CPU
	EndGlobalSection
	GlobalSection(SolutionProperties) = preSolution
		HideSolutionNode = FALSE
	EndGlobalSection
	GlobalSection(ExtensibilityGlobals) = postSolution
		SolutionGuid = {48415611-69F2-46E5-A6E2-C6D125CEEAC8}
	EndGlobalSection
EndGlobal
