
Microsoft Visual Studio Solution File, Format Version 12.00
# Visual Studio Version 17
VisualStudioVersion = 17.6.33723.286
MinimumVisualStudioVersion = 10.0.40219.1
Project("{FAE04EC0-301F-11D3-BF4B-00C04F79EFBC}") = "Exercises #5 desing patttern", "Exercises #5 desing patttern\Exercises #5 desing patttern.csproj", "{0EC81A97-6C75-4A88-AD95-ED2DCC04ADEA}"
EndProject
Global
	GlobalSection(SolutionConfigurationPlatforms) = preSolution
		Debug|Any CPU = Debug|Any CPU
		Release|Any CPU = Release|Any CPU
	EndGlobalSection
	GlobalSection(ProjectConfigurationPlatforms) = postSolution
		{0EC81A97-6C75-4A88-AD95-ED2DCC04ADEA}.Debug|Any CPU.ActiveCfg = Debug|Any CPU
		{0EC81A97-6C75-4A88-AD95-ED2DCC04ADEA}.Debug|Any CPU.Build.0 = Debug|Any CPU
		{0EC81A97-6C75-4A88-AD95-ED2DCC04ADEA}.Release|Any CPU.ActiveCfg = Release|Any CPU
		{0EC81A97-6C75-4A88-AD95-ED2DCC04ADEA}.Release|Any CPU.Build.0 = Release|Any CPU
	EndGlobalSection
	GlobalSection(SolutionProperties) = preSolution
		HideSolutionNode = FALSE
	EndGlobalSection
	GlobalSection(ExtensibilityGlobals) = postSolution
		SolutionGuid = {D5F1E5D6-326F-4602-8F79-150867E0EE0E}
	EndGlobalSection
EndGlobal
